PODS:
  - Alamofire (4.0.1)
  - Charts (2.3.0):
    - Charts/Core (= 2.3.0)
  - Charts/Core (2.3.0)
  - Realm (2.0.0):
    - Realm/Headers (= 2.0.0)
  - Realm/Headers (2.0.0)
  - RealmSwift (2.0.0):
    - Realm (= 2.0.0)
  - SCLAlertView (0.6.0)

DEPENDENCIES:
  - Alamofire (~> 4.0)
  - Charts
  - RealmSwift
  - SCLAlertView

SPEC CHECKSUMS:
  Alamofire: 7682d43245de14874acd142ec137b144aa1dd335
  Charts: 55d7fd9af175b500208601bea872f0fc72c1d19e
  Realm: 6dda421ae4b3e9a09742fc2cf4b876d459cbedcd
  RealmSwift: 7d015f34a2781a50889be9b5a15c36c08597ea0e
  SCLAlertView: 0f6b3c23a48b4993564ff1dd3c065782e4b2b687

COCOAPODS: 0.39.0
